// !$*UTF8*$!
{
	archiveVersion = 1;
	classes = {
	};
	objectVersion = 48;
	objects = {

/* Begin PBXBuildFile section */
		0C4AA478219A4A5300D16315 /* MetalUtils.m in Sources */ = {isa = PBXBuildFile; fileRef = 0C4AA472219A4A5300D16315 /* MetalUtils.m */; };
		0C4AA479219A4A5300D16315 /* OpenVRUtils.cpp in Sources */ = {isa = PBXBuildFile; fileRef = 0C4AA473219A4A5300D16315 /* OpenVRUtils.cpp */; };
		0C4AA47A219A4A5300D16315 /* OpenVRMetal.mm in Sources */ = {isa = PBXBuildFile; fileRef = 0C4AA476219A4A5300D16315 /* OpenVRMetal.mm */; };
		835C6520212E7A42006E3EA4 /* Watchdog.cpp in Sources */ = {isa = PBXBuildFile; fileRef = 835C651E212E7A42006E3EA4 /* Watchdog.cpp */; };
		838BC8532054778D00CDE5AB /* main.mm in Sources */ = {isa = PBXBuildFile; fileRef = 838BC8522054778D00CDE5AB /* main.mm */; settings = {COMPILER_FLAGS = "-fmodules -fcxx-modules"; }; };
		83E28B9D205489DB00DB78C1 /* OpenVR.framework in Frameworks */ = {isa = PBXBuildFile; fileRef = 83E28B9C205489DB00DB78C1 /* OpenVR.framework */; };
		83E8A68721267CCF009EF148 /* default.metal in Sources */ = {isa = PBXBuildFile; fileRef = 83E8A68621267CCF009EF148 /* default.metal */; };
/* End PBXBuildFile section */

/* Begin PBXCopyFilesBuildPhase section */
		838BC84D2054778D00CDE5AB /* CopyFiles */ = {
			isa = PBXCopyFilesBuildPhase;
			buildActionMask = 2147483647;
			dstPath = /usr/share/man/man1/;
			dstSubfolderSpec = 0;
			files = (
			);
			runOnlyForDeploymentPostprocessing = 1;
		};
/* End PBXCopyFilesBuildPhase section */

/* Begin PBXFileReference section */
		0C4AA470219A4A5300D16315 /* README.md */ = {isa = PBXFileReference; fileEncoding = 4; lastKnownFileType = net.daringfireball.markdown; path = README.md; sourceTree = "<group>"; };
		0C4AA471219A4A5300D16315 /* MetalUtils.h */ = {isa = PBXFileReference; fileEncoding = 4; lastKnownFileType = sourcecode.c.h; path = MetalUtils.h; sourceTree = "<group>"; };
		0C4AA472219A4A5300D16315 /* MetalUtils.m */ = {isa = PBXFileReference; fileEncoding = 4; lastKnownFileType = sourcecode.c.objc; path = MetalUtils.m; sourceTree = "<group>"; };
		0C4AA473219A4A5300D16315 /* OpenVRUtils.cpp */ = {isa = PBXFileReference; fileEncoding = 4; lastKnownFileType = sourcecode.cpp.cpp; path = OpenVRUtils.cpp; sourceTree = "<group>"; };
		0C4AA474219A4A5300D16315 /* OpenVRMetal.h */ = {isa = PBXFileReference; fileEncoding = 4; lastKnownFileType = sourcecode.c.h; path = OpenVRMetal.h; sourceTree = "<group>"; };
		0C4AA475219A4A5300D16315 /* LICENSE */ = {isa = PBXFileReference; fileEncoding = 4; lastKnownFileType = text; path = LICENSE; sourceTree = "<group>"; };
		0C4AA476219A4A5300D16315 /* OpenVRMetal.mm */ = {isa = PBXFileReference; fileEncoding = 4; lastKnownFileType = sourcecode.cpp.objcpp; path = OpenVRMetal.mm; sourceTree = "<group>"; };
		0C4AA477219A4A5300D16315 /* OpenVRUtils.h */ = {isa = PBXFileReference; fileEncoding = 4; lastKnownFileType = sourcecode.c.h; path = OpenVRUtils.h; sourceTree = "<group>"; };
		835C651E212E7A42006E3EA4 /* Watchdog.cpp */ = {isa = PBXFileReference; lastKnownFileType = sourcecode.cpp.cpp; path = Watchdog.cpp; sourceTree = "<group>"; };
		835C651F212E7A42006E3EA4 /* Watchdog.h */ = {isa = PBXFileReference; lastKnownFileType = sourcecode.c.h; path = Watchdog.h; sourceTree = "<group>"; };
		838BC84F2054778D00CDE5AB /* TestOpenVRMetal */ = {isa = PBXFileReference; explicitFileType = "compiled.mach-o.executable"; includeInIndex = 0; path = TestOpenVRMetal; sourceTree = BUILT_PRODUCTS_DIR; };
		838BC8522054778D00CDE5AB /* main.mm */ = {isa = PBXFileReference; lastKnownFileType = sourcecode.cpp.objcpp; path = main.mm; sourceTree = "<group>"; };
		83BF4C46219A571C002727E4 /* LICENSE */ = {isa = PBXFileReference; fileEncoding = 4; lastKnownFileType = text; path = LICENSE; sourceTree = "<group>"; };
		83BF4C47219A571C002727E4 /* README.md */ = {isa = PBXFileReference; fileEncoding = 4; lastKnownFileType = net.daringfireball.markdown; path = README.md; sourceTree = "<group>"; };
		83E28B9C205489DB00DB78C1 /* OpenVR.framework */ = {isa = PBXFileReference; lastKnownFileType = wrapper.framework; name = OpenVR.framework; path = /Library/Frameworks/OpenVR.framework; sourceTree = "<group>"; };
		83E8A68621267CCF009EF148 /* default.metal */ = {isa = PBXFileReference; lastKnownFileType = sourcecode.metal; path = default.metal; sourceTree = "<group>"; };
/* End PBXFileReference section */

/* Begin PBXFrameworksBuildPhase section */
		838BC84C2054778D00CDE5AB /* Frameworks */ = {
			isa = PBXFrameworksBuildPhase;
			buildActionMask = 2147483647;
			files = (
				83E28B9D205489DB00DB78C1 /* OpenVR.framework in Frameworks */,
			);
			runOnlyForDeploymentPostprocessing = 0;
		};
/* End PBXFrameworksBuildPhase section */

/* Begin PBXGroup section */
		0C4AA46F219A4A1200D16315 /* OpenVRMetal */ = {
			isa = PBXGroup;
			children = (
				0C4AA475219A4A5300D16315 /* LICENSE */,
				0C4AA471219A4A5300D16315 /* MetalUtils.h */,
				0C4AA472219A4A5300D16315 /* MetalUtils.m */,
				0C4AA474219A4A5300D16315 /* OpenVRMetal.h */,
				0C4AA476219A4A5300D16315 /* OpenVRMetal.mm */,
				0C4AA473219A4A5300D16315 /* OpenVRUtils.cpp */,
				0C4AA477219A4A5300D16315 /* OpenVRUtils.h */,
				0C4AA470219A4A5300D16315 /* README.md */,
			);
			path = OpenVRMetal;
			sourceTree = "<group>";
		};
		838BC8462054778D00CDE5AB = {
			isa = PBXGroup;
			children = (
				83BF4C46219A571C002727E4 /* LICENSE */,
				83BF4C47219A571C002727E4 /* README.md */,
				0C4AA46F219A4A1200D16315 /* OpenVRMetal */,
				838BC8512054778D00CDE5AB /* TestOpenVRMetal */,
				838BC8502054778D00CDE5AB /* Products */,
				83E28B9C205489DB00DB78C1 /* OpenVR.framework */,
			);
			sourceTree = "<group>";
		};
		838BC8502054778D00CDE5AB /* Products */ = {
			isa = PBXGroup;
			children = (
				838BC84F2054778D00CDE5AB /* TestOpenVRMetal */,
			);
			name = Products;
			sourceTree = "<group>";
		};
		838BC8512054778D00CDE5AB /* TestOpenVRMetal */ = {
			isa = PBXGroup;
			children = (
				83E8A68621267CCF009EF148 /* default.metal */,
				838BC8522054778D00CDE5AB /* main.mm */,
				835C651F212E7A42006E3EA4 /* Watchdog.h */,
				835C651E212E7A42006E3EA4 /* Watchdog.cpp */,
			);
			path = TestOpenVRMetal;
			sourceTree = "<group>";
		};
/* End PBXGroup section */

/* Begin PBXNativeTarget section */
		838BC84E2054778D00CDE5AB /* TestOpenVRMetal */ = {
			isa = PBXNativeTarget;
			buildConfigurationList = 838BC8562054778D00CDE5AB /* Build configuration list for PBXNativeTarget "TestOpenVRMetal" */;
			buildPhases = (
				838BC84B2054778D00CDE5AB /* Sources */,
				838BC84C2054778D00CDE5AB /* Frameworks */,
				838BC84D2054778D00CDE5AB /* CopyFiles */,
			);
			buildRules = (
			);
			dependencies = (
			);
			name = TestOpenVRMetal;
			productName = TestOpenVRMetal;
			productReference = 838BC84F2054778D00CDE5AB /* TestOpenVRMetal */;
			productType = "com.apple.product-type.tool";
		};
/* End PBXNativeTarget section */

/* Begin PBXProject section */
		838BC8472054778D00CDE5AB /* Project object */ = {
			isa = PBXProject;
			attributes = {
				LastUpgradeCheck = 1000;
				ORGANIZATIONNAME = "Chris Birkhold";
				TargetAttributes = {
					838BC84E2054778D00CDE5AB = {
						CreatedOnToolsVersion = 9.2;
						ProvisioningStyle = Automatic;
					};
				};
			};
			buildConfigurationList = 838BC84A2054778D00CDE5AB /* Build configuration list for PBXProject "TestOpenVRMetal" */;
			compatibilityVersion = "Xcode 8.0";
			developmentRegion = en;
			hasScannedForEncodings = 0;
			knownRegions = (
				en,
			);
			mainGroup = 838BC8462054778D00CDE5AB;
			productRefGroup = 838BC8502054778D00CDE5AB /* Products */;
			projectDirPath = "";
			projectRoot = "";
			targets = (
				838BC84E2054778D00CDE5AB /* TestOpenVRMetal */,
			);
		};
/* End PBXProject section */

/* Begin PBXSourcesBuildPhase section */
		838BC84B2054778D00CDE5AB /* Sources */ = {
			isa = PBXSourcesBuildPhase;
			buildActionMask = 2147483647;
			files = (
				838BC8532054778D00CDE5AB /* main.mm in Sources */,
				83E8A68721267CCF009EF148 /* default.metal in Sources */,
				835C6520212E7A42006E3EA4 /* Watchdog.cpp in Sources */,
				0C4AA479219A4A5300D16315 /* OpenVRUtils.cpp in Sources */,
				0C4AA478219A4A5300D16315 /* MetalUtils.m in Sources */,
				0C4AA47A219A4A5300D16315 /* OpenVRMetal.mm in Sources */,
			);
			runOnlyForDeploymentPostprocessing = 0;
		};
/* End PBXSourcesBuildPhase section */

/* Begin XCBuildConfiguration section */
		838BC8542054778D00CDE5AB /* Debug */ = {
			isa = XCBuildConfiguration;
			buildSettings = {
				ALWAYS_SEARCH_USER_PATHS = NO;
				CLANG_ANALYZER_NONNULL = YES;
				CLANG_ANALYZER_NUMBER_OBJECT_CONVERSION = YES_AGGRESSIVE;
				CLANG_CXX_LANGUAGE_STANDARD = "gnu++14";
				CLANG_CXX_LIBRARY = "libc++";
				CLANG_ENABLE_MODULES = YES;
				CLANG_ENABLE_OBJC_ARC = YES;
				CLANG_WARN_BLOCK_CAPTURE_AUTORELEASING = YES;
				CLANG_WARN_BOOL_CONVERSION = YES;
				CLANG_WARN_COMMA = YES;
				CLANG_WARN_CONSTANT_CONVERSION = YES;
				CLANG_WARN_DEPRECATED_OBJC_IMPLEMENTATIONS = YES;
				CLANG_WARN_DIRECT_OBJC_ISA_USAGE = YES_ERROR;
				CLANG_WARN_DOCUMENTATION_COMMENTS = YES;
				CLANG_WARN_EMPTY_BODY = YES;
				CLANG_WARN_ENUM_CONVERSION = YES;
				CLANG_WARN_INFINITE_RECURSION = YES;
				CLANG_WARN_INT_CONVERSION = YES;
				CLANG_WARN_NON_LITERAL_NULL_CONVERSION = YES;
				CLANG_WARN_OBJC_IMPLICIT_RETAIN_SELF = YES;
				CLANG_WARN_OBJC_LITERAL_CONVERSION = YES;
				CLANG_WARN_OBJC_ROOT_CLASS = YES_ERROR;
				CLANG_WARN_RANGE_LOOP_ANALYSIS = YES;
				CLANG_WARN_STRICT_PROTOTYPES = YES;
				CLANG_WARN_SUSPICIOUS_MOVE = YES;
				CLANG_WARN_UNGUARDED_AVAILABILITY = YES_AGGRESSIVE;
				CLANG_WARN_UNREACHABLE_CODE = YES;
				CLANG_WARN__DUPLICATE_METHOD_MATCH = YES;
				CODE_SIGN_IDENTITY = "Mac Developer";
				COPY_PHASE_STRIP = NO;
				DEBUG_INFORMATION_FORMAT = dwarf;
				ENABLE_STRICT_OBJC_MSGSEND = YES;
				ENABLE_TESTABILITY = YES;
				GCC_C_LANGUAGE_STANDARD = gnu11;
				GCC_DYNAMIC_NO_PIC = NO;
				GCC_NO_COMMON_BLOCKS = YES;
				GCC_OPTIMIZATION_LEVEL = 0;
				GCC_PREPROCESSOR_DEFINITIONS = (
					"DEBUG=1",
					"$(inherited)",
				);
				GCC_WARN_64_TO_32_BIT_CONVERSION = YES;
				GCC_WARN_ABOUT_RETURN_TYPE = YES_ERROR;
				GCC_WARN_UNDECLARED_SELECTOR = YES;
				GCC_WARN_UNINITIALIZED_AUTOS = YES_AGGRESSIVE;
				GCC_WARN_UNUSED_FUNCTION = YES;
				GCC_WARN_UNUSED_VARIABLE = YES;
				MACOSX_DEPLOYMENT_TARGET = 10.14;
				MTL_ENABLE_DEBUG_INFO = INCLUDE_SOURCE;
				ONLY_ACTIVE_ARCH = YES;
				SDKROOT = macosx;
			};
			name = Debug;
		};
		838BC8552054778D00CDE5AB /* Release */ = {
			isa = XCBuildConfiguration;
			buildSettings = {
				ALWAYS_SEARCH_USER_PATHS = NO;
				CLANG_ANALYZER_NONNULL = YES;
				CLANG_ANALYZER_NUMBER_OBJECT_CONVERSION = YES_AGGRESSIVE;
				CLANG_CXX_LANGUAGE_STANDARD = "gnu++14";
				CLANG_CXX_LIBRARY = "libc++";
				CLANG_ENABLE_MODULES = YES;
				CLANG_ENABLE_OBJC_ARC = YES;
				CLANG_WARN_BLOCK_CAPTURE_AUTORELEASING = YES;
				CLANG_WARN_BOOL_CONVERSION = YES;
				CLANG_WARN_COMMA = YES;
				CLANG_WARN_CONSTANT_CONVERSION = YES;
				CLANG_WARN_DEPRECATED_OBJC_IMPLEMENTATIONS = YES;
				CLANG_WARN_DIRECT_OBJC_ISA_USAGE = YES_ERROR;
				CLANG_WARN_DOCUMENTATION_COMMENTS = YES;
				CLANG_WARN_EMPTY_BODY = YES;
				CLANG_WARN_ENUM_CONVERSION = YES;
				CLANG_WARN_INFINITE_RECURSION = YES;
				CLANG_WARN_INT_CONVERSION = YES;
				CLANG_WARN_NON_LITERAL_NULL_CONVERSION = YES;
				CLANG_WARN_OBJC_IMPLICIT_RETAIN_SELF = YES;
				CLANG_WARN_OBJC_LITERAL_CONVERSION = YES;
				CLANG_WARN_OBJC_ROOT_CLASS = YES_ERROR;
				CLANG_WARN_RANGE_LOOP_ANALYSIS = YES;
				CLANG_WARN_STRICT_PROTOTYPES = YES;
				CLANG_WARN_SUSPICIOUS_MOVE = YES;
				CLANG_WARN_UNGUARDED_AVAILABILITY = YES_AGGRESSIVE;
				CLANG_WARN_UNREACHABLE_CODE = YES;
				CLANG_WARN__DUPLICATE_METHOD_MATCH = YES;
				CODE_SIGN_IDENTITY = "Mac Developer";
				COPY_PHASE_STRIP = NO;
				DEBUG_INFORMATION_FORMAT = "dwarf-with-dsym";
				ENABLE_NS_ASSERTIONS = NO;
				ENABLE_STRICT_OBJC_MSGSEND = YES;
				GCC_C_LANGUAGE_STANDARD = gnu11;
				GCC_NO_COMMON_BLOCKS = YES;
				GCC_WARN_64_TO_32_BIT_CONVERSION = YES;
				GCC_WARN_ABOUT_RETURN_TYPE = YES_ERROR;
				GCC_WARN_UNDECLARED_SELECTOR = YES;
				GCC_WARN_UNINITIALIZED_AUTOS = YES_AGGRESSIVE;
				GCC_WARN_UNUSED_FUNCTION = YES;
				GCC_WARN_UNUSED_VARIABLE = YES;
				MACOSX_DEPLOYMENT_TARGET = 10.14;
				MTL_ENABLE_DEBUG_INFO = NO;
				SDKROOT = macosx;
			};
			name = Release;
		};
		838BC8572054778D00CDE5AB /* Debug */ = {
			isa = XCBuildConfiguration;
			buildSettings = {
				CODE_SIGN_STYLE = Automatic;
				DEVELOPMENT_TEAM = "";
				FRAMEWORK_SEARCH_PATHS = (
					"$(inherited)",
					"$(LOCAL_LIBRARY_DIR)/Frameworks",
				);
				PRODUCT_NAME = "$(TARGET_NAME)";
			};
			name = Debug;
		};
		838BC8582054778D00CDE5AB /* Release */ = {
			isa = XCBuildConfiguration;
			buildSettings = {
				CODE_SIGN_STYLE = Automatic;
				DEVELOPMENT_TEAM = "";
				FRAMEWORK_SEARCH_PATHS = (
					"$(inherited)",
					"$(LOCAL_LIBRARY_DIR)/Frameworks",
				);
				PRODUCT_NAME = "$(TARGET_NAME)";
			};
			name = Release;
		};
/* End XCBuildConfiguration section */

/* Begin XCConfigurationList section */
		838BC84A2054778D00CDE5AB /* Build configuration list for PBXProject "TestOpenVRMetal" */ = {
			isa = XCConfigurationList;
			buildConfigurations = (
				838BC8542054778D00CDE5AB /* Debug */,
				838BC8552054778D00CDE5AB /* Release */,
			);
			defaultConfigurationIsVisible = 0;
			defaultConfigurationName = Release;
		};
		838BC8562054778D00CDE5AB /* Build configuration list for PBXNativeTarget "TestOpenVRMetal" */ = {
			isa = XCConfigurationList;
			buildConfigurations = (
				838BC8572054778D00CDE5AB /* Debug */,
				838BC8582054778D00CDE5AB /* Release */,
			);
			defaultConfigurationIsVisible = 0;
			defaultConfigurationName = Release;
		};
/* End XCConfigurationList section */
	};
	rootObject = 838BC8472054778D00CDE5AB /* Project object */;
}
